
Microsoft Visual Studio Solution File, Format Version 12.00
# Visual Studio Version 17
VisualStudioVersion = 17.10.35013.160
MinimumVisualStudioVersion = 10.0.40219.1
Project("{FAE04EC0-301F-11D3-BF4B-00C04F79EFBC}") = "State Project", "State Project.csproj", "{A5ABD108-8A9A-442A-8A39-0CF55C170E3E}"
EndProject
Global
	GlobalSection(SolutionConfigurationPlatforms) = preSolution
		Debug|Any CPU = Debug|Any CPU
		Release|Any CPU = Release|Any CPU
	EndGlobalSection
	GlobalSection(ProjectConfigurationPlatforms) = postSolution
		{A5ABD108-8A9A-442A-8A39-0CF55C170E3E}.Debug|Any CPU.ActiveCfg = Debug|Any CPU
		{A5ABD108-8A9A-442A-8A39-0CF55C170E3E}.Debug|Any CPU.Build.0 = Debug|Any CPU
		{A5ABD108-8A9A-442A-8A39-0CF55C170E3E}.Release|Any CPU.ActiveCfg = Release|Any CPU
		{A5ABD108-8A9A-442A-8A39-0CF55C170E3E}.Release|Any CPU.Build.0 = Release|Any CPU
	EndGlobalSection
	GlobalSection(SolutionProperties) = preSolution
		HideSolutionNode = FALSE
	EndGlobalSection
	GlobalSection(ExtensibilityGlobals) = postSolution
		SolutionGuid = {20022E40-D3D1-4AB7-A3DC-E3C349D2CDFB}
	EndGlobalSection
EndGlobal
